{
  "name": "vectorize-example",
  "version": "1.0.0",
  "lockfileVersion": 3,
  "requires": true,
  "packages": {
    "": {
      "name": "vectorize-example",
      "version": "1.0.0",
      "license": "ISC",
      "dependencies": {
        "@vectorize-io/vectorize-client": "^0.1.2"
      }
    },
    "node_modules/@vectorize-io/vectorize-client": {
      "version": "0.1.2",
      "resolved": "https://registry.npmjs.org/@vectorize-io/vectorize-client/-/vectorize-client-0.1.2.tgz",
      "integrity": "sha512-c8qIeO30t4OWeu2QjZ/RPNRFODRjHRITbANh/k2ANC+rFNGUCBcW+GqIPfcjIZyj4QHXS88GkXUCss5UKpLSxg==",
      "hasInstallScript": true,
      "license": "MIT"
    }
  }
}
